
Microsoft Visual Studio Solution File, Format Version 12.00
# Visual Studio 15
VisualStudioVersion = 15.0.26124.0
MinimumVisualStudioVersion = 15.0.26124.0
Project("{FAE04EC0-301F-11D3-BF4B-00C04F79EFBC}") = "R5T.Code.VisualStudio.Types.Construction", "R5T.Code.VisualStudio.Types.Construction\R5T.Code.VisualStudio.Types.Construction.csproj", "{53661CCB-C93C-4221-AB15-A40ED247CDDD}"
EndProject
Project("{FAE04EC0-301F-11D3-BF4B-00C04F79EFBC}") = "R5T.Code.VisualStudio.Types", "R5T.Code.VisualStudio.Types\R5T.Code.VisualStudio.Types.csproj", "{867D517D-9DF3-4431-AFF1-432B25BC845C}"
EndProject
Global
	GlobalSection(SolutionConfigurationPlatforms) = preSolution
		Debug|Any CPU = Debug|Any CPU
		Debug|x64 = Debug|x64
		Debug|x86 = Debug|x86
		Release|Any CPU = Release|Any CPU
		Release|x64 = Release|x64
		Release|x86 = Release|x86
	EndGlobalSection
	GlobalSection(SolutionProperties) = preSolution
		HideSolutionNode = FALSE
	EndGlobalSection
	GlobalSection(ProjectConfigurationPlatforms) = postSolution
		{53661CCB-C93C-4221-AB15-A40ED247CDDD}.Debug|Any CPU.ActiveCfg = Debug|Any CPU
		{53661CCB-C93C-4221-AB15-A40ED247CDDD}.Debug|Any CPU.Build.0 = Debug|Any CPU
		{53661CCB-C93C-4221-AB15-A40ED247CDDD}.Debug|x64.ActiveCfg = Debug|Any CPU
		{53661CCB-C93C-4221-AB15-A40ED247CDDD}.Debug|x64.Build.0 = Debug|Any CPU
		{53661CCB-C93C-4221-AB15-A40ED247CDDD}.Debug|x86.ActiveCfg = Debug|Any CPU
		{53661CCB-C93C-4221-AB15-A40ED247CDDD}.Debug|x86.Build.0 = Debug|Any CPU
		{53661CCB-C93C-4221-AB15-A40ED247CDDD}.Release|Any CPU.ActiveCfg = Release|Any CPU
		{53661CCB-C93C-4221-AB15-A40ED247CDDD}.Release|Any CPU.Build.0 = Release|Any CPU
		{53661CCB-C93C-4221-AB15-A40ED247CDDD}.Release|x64.ActiveCfg = Release|Any CPU
		{53661CCB-C93C-4221-AB15-A40ED247CDDD}.Release|x64.Build.0 = Release|Any CPU
		{53661CCB-C93C-4221-AB15-A40ED247CDDD}.Release|x86.ActiveCfg = Release|Any CPU
		{53661CCB-C93C-4221-AB15-A40ED247CDDD}.Release|x86.Build.0 = Release|Any CPU
		{867D517D-9DF3-4431-AFF1-432B25BC845C}.Debug|Any CPU.ActiveCfg = Debug|Any CPU
		{867D517D-9DF3-4431-AFF1-432B25BC845C}.Debug|Any CPU.Build.0 = Debug|Any CPU
		{867D517D-9DF3-4431-AFF1-432B25BC845C}.Debug|x64.ActiveCfg = Debug|Any CPU
		{867D517D-9DF3-4431-AFF1-432B25BC845C}.Debug|x64.Build.0 = Debug|Any CPU
		{867D517D-9DF3-4431-AFF1-432B25BC845C}.Debug|x86.ActiveCfg = Debug|Any CPU
		{867D517D-9DF3-4431-AFF1-432B25BC845C}.Debug|x86.Build.0 = Debug|Any CPU
		{867D517D-9DF3-4431-AFF1-432B25BC845C}.Release|Any CPU.ActiveCfg = Release|Any CPU
		{867D517D-9DF3-4431-AFF1-432B25BC845C}.Release|Any CPU.Build.0 = Release|Any CPU
		{867D517D-9DF3-4431-AFF1-432B25BC845C}.Release|x64.ActiveCfg = Release|Any CPU
		{867D517D-9DF3-4431-AFF1-432B25BC845C}.Release|x64.Build.0 = Release|Any CPU
		{867D517D-9DF3-4431-AFF1-432B25BC845C}.Release|x86.ActiveCfg = Release|Any CPU
		{867D517D-9DF3-4431-AFF1-432B25BC845C}.Release|x86.Build.0 = Release|Any CPU
	EndGlobalSection
EndGlobal
